// !$*UTF8*$!
{
	archiveVersion = 1;
	classes = {
	};
	objectVersion = 46;
	objects = {

/* Begin PBXBuildFile section */
		9F288E881DD4CECF00280690 /* BaseViewController.m in Sources */ = {isa = PBXBuildFile; fileRef = 9F288E871DD4CECF00280690 /* BaseViewController.m */; };
		9F8F49D51DA9387C006E4E0E /* MJDictionaryCache.m in Sources */ = {isa = PBXBuildFile; fileRef = 9F8F49BF1DA9387C006E4E0E /* MJDictionaryCache.m */; };
		9F8F49D61DA9387C006E4E0E /* MJExtensionConst.m in Sources */ = {isa = PBXBuildFile; fileRef = 9F8F49C21DA9387C006E4E0E /* MJExtensionConst.m */; };
		9F8F49D71DA9387C006E4E0E /* MJFoundation.m in Sources */ = {isa = PBXBuildFile; fileRef = 9F8F49C41DA9387C006E4E0E /* MJFoundation.m */; };
		9F8F49D81DA9387C006E4E0E /* MJProperty.m in Sources */ = {isa = PBXBuildFile; fileRef = 9F8F49C61DA9387C006E4E0E /* MJProperty.m */; };
		9F8F49D91DA9387C006E4E0E /* MJPropertyKey.m in Sources */ = {isa = PBXBuildFile; fileRef = 9F8F49C81DA9387C006E4E0E /* MJPropertyKey.m */; };
		9F8F49DA1DA9387C006E4E0E /* MJPropertyType.m in Sources */ = {isa = PBXBuildFile; fileRef = 9F8F49CA1DA9387C006E4E0E /* MJPropertyType.m */; };
		9F8F49DB1DA9387C006E4E0E /* NSObject+MJClass.m in Sources */ = {isa = PBXBuildFile; fileRef = 9F8F49CC1DA9387C006E4E0E /* NSObject+MJClass.m */; };
		9F8F49DC1DA9387C006E4E0E /* NSObject+MJCoding.m in Sources */ = {isa = PBXBuildFile; fileRef = 9F8F49CE1DA9387C006E4E0E /* NSObject+MJCoding.m */; };
		9F8F49DD1DA9387C006E4E0E /* NSObject+MJKeyValue.m in Sources */ = {isa = PBXBuildFile; fileRef = 9F8F49D01DA9387C006E4E0E /* NSObject+MJKeyValue.m */; };
		9F8F49DE1DA9387C006E4E0E /* NSObject+MJProperty.m in Sources */ = {isa = PBXBuildFile; fileRef = 9F8F49D21DA9387C006E4E0E /* NSObject+MJProperty.m */; };
		9F8F49DF1DA9387C006E4E0E /* NSString+MJExtension.m in Sources */ = {isa = PBXBuildFile; fileRef = 9F8F49D41DA9387C006E4E0E /* NSString+MJExtension.m */; };
		9FCE48EE1D9D71E000E4BC13 /* main.m in Sources */ = {isa = PBXBuildFile; fileRef = 9FCE48ED1D9D71E000E4BC13 /* main.m */; };
		9FCE48F11D9D71E000E4BC13 /* AppDelegate.m in Sources */ = {isa = PBXBuildFile; fileRef = 9FCE48F01D9D71E000E4BC13 /* AppDelegate.m */; };
		9FCE48F41D9D71E000E4BC13 /* ViewController.m in Sources */ = {isa = PBXBuildFile; fileRef = 9FCE48F31D9D71E000E4BC13 /* ViewController.m */; };
		9FCE48F71D9D71E000E4BC13 /* Main.storyboard in Resources */ = {isa = PBXBuildFile; fileRef = 9FCE48F51D9D71E000E4BC13 /* Main.storyboard */; };
		9FCE48FA1D9D71E000E4BC13 /* FYYSP.xcdatamodeld in Sources */ = {isa = PBXBuildFile; fileRef = 9FCE48F81D9D71E000E4BC13 /* FYYSP.xcdatamodeld */; };
		9FCE48FC1D9D71E000E4BC13 /* Assets.xcassets in Resources */ = {isa = PBXBuildFile; fileRef = 9FCE48FB1D9D71E000E4BC13 /* Assets.xcassets */; };
		9FCE48FF1D9D71E000E4BC13 /* LaunchScreen.storyboard in Resources */ = {isa = PBXBuildFile; fileRef = 9FCE48FD1D9D71E000E4BC13 /* LaunchScreen.storyboard */; };
		9FCE490A1D9D71E000E4BC13 /* FYYSPTests.m in Sources */ = {isa = PBXBuildFile; fileRef = 9FCE49091D9D71E000E4BC13 /* FYYSPTests.m */; };
		9FCE49151D9D71E000E4BC13 /* FYYSPUITests.m in Sources */ = {isa = PBXBuildFile; fileRef = 9FCE49141D9D71E000E4BC13 /* FYYSPUITests.m */; };
		9FD9C20C1DA8CF4500E50986 /* AFHTTPSessionManager.m in Sources */ = {isa = PBXBuildFile; fileRef = 9FD9C1EB1DA8CF4500E50986 /* AFHTTPSessionManager.m */; };
		9FD9C20D1DA8CF4500E50986 /* AFNetworkReachabilityManager.m in Sources */ = {isa = PBXBuildFile; fileRef = 9FD9C1EE1DA8CF4500E50986 /* AFNetworkReachabilityManager.m */; };
		9FD9C20E1DA8CF4500E50986 /* AFSecurityPolicy.m in Sources */ = {isa = PBXBuildFile; fileRef = 9FD9C1F01DA8CF4500E50986 /* AFSecurityPolicy.m */; };
		9FD9C20F1DA8CF4500E50986 /* AFURLRequestSerialization.m in Sources */ = {isa = PBXBuildFile; fileRef = 9FD9C1F21DA8CF4500E50986 /* AFURLRequestSerialization.m */; };
		9FD9C2101DA8CF4500E50986 /* AFURLResponseSerialization.m in Sources */ = {isa = PBXBuildFile; fileRef = 9FD9C1F41DA8CF4500E50986 /* AFURLResponseSerialization.m */; };
		9FD9C2111DA8CF4500E50986 /* AFURLSessionManager.m in Sources */ = {isa = PBXBuildFile; fileRef = 9FD9C1F61DA8CF4500E50986 /* AFURLSessionManager.m */; };
		9FD9C2121DA8CF4500E50986 /* AFAutoPurgingImageCache.m in Sources */ = {isa = PBXBuildFile; fileRef = 9FD9C1F91DA8CF4500E50986 /* AFAutoPurgingImageCache.m */; };
		9FD9C2131DA8CF4500E50986 /* AFImageDownloader.m in Sources */ = {isa = PBXBuildFile; fileRef = 9FD9C1FB1DA8CF4500E50986 /* AFImageDownloader.m */; };
		9FD9C2141DA8CF4500E50986 /* AFNetworkActivityIndicatorManager.m in Sources */ = {isa = PBXBuildFile; fileRef = 9FD9C1FD1DA8CF4500E50986 /* AFNetworkActivityIndicatorManager.m */; };
		9FD9C2151DA8CF4500E50986 /* UIActivityIndicatorView+AFNetworking.m in Sources */ = {isa = PBXBuildFile; fileRef = 9FD9C1FF1DA8CF4500E50986 /* UIActivityIndicatorView+AFNetworking.m */; };
		9FD9C2161DA8CF4500E50986 /* UIButton+AFNetworking.m in Sources */ = {isa = PBXBuildFile; fileRef = 9FD9C2011DA8CF4500E50986 /* UIButton+AFNetworking.m */; };
		9FD9C2171DA8CF4500E50986 /* UIImageView+AFNetworking.m in Sources */ = {isa = PBXBuildFile; fileRef = 9FD9C2041DA8CF4500E50986 /* UIImageView+AFNetworking.m */; };
		9FD9C2181DA8CF4500E50986 /* UIProgressView+AFNetworking.m in Sources */ = {isa = PBXBuildFile; fileRef = 9FD9C2071DA8CF4500E50986 /* UIProgressView+AFNetworking.m */; };
		9FD9C2191DA8CF4500E50986 /* UIRefreshControl+AFNetworking.m in Sources */ = {isa = PBXBuildFile; fileRef = 9FD9C2091DA8CF4500E50986 /* UIRefreshControl+AFNetworking.m */; };
		9FD9C21A1DA8CF4500E50986 /* UIWebView+AFNetworking.m in Sources */ = {isa = PBXBuildFile; fileRef = 9FD9C20B1DA8CF4500E50986 /* UIWebView+AFNetworking.m */; };
		9FD9C2211DA8D70200E50986 /* ModelOne.m in Sources */ = {isa = PBXBuildFile; fileRef = 9FD9C2201DA8D70200E50986 /* ModelOne.m */; };
		9FD9C2261DA8EC1800E50986 /* NSObject+Model.m in Sources */ = {isa = PBXBuildFile; fileRef = 9FD9C2251DA8EC1800E50986 /* NSObject+Model.m */; };
		9FFAE2E81DD46E3900D46DEC /* AVFoundation.framework in Frameworks */ = {isa = PBXBuildFile; fileRef = 9FFAE2E71DD46E3900D46DEC /* AVFoundation.framework */; };
/* End PBXBuildFile section */

/* Begin PBXContainerItemProxy section */
		9FCE49061D9D71E000E4BC13 /* PBXContainerItemProxy */ = {
			isa = PBXContainerItemProxy;
			containerPortal = 9FCE48E11D9D71E000E4BC13 /* Project object */;
			proxyType = 1;
			remoteGlobalIDString = 9FCE48E81D9D71E000E4BC13;
			remoteInfo = FYYSP;
		};
		9FCE49111D9D71E000E4BC13 /* PBXContainerItemProxy */ = {
			isa = PBXContainerItemProxy;
			containerPortal = 9FCE48E11D9D71E000E4BC13 /* Project object */;
			proxyType = 1;
			remoteGlobalIDString = 9FCE48E81D9D71E000E4BC13;
			remoteInfo = FYYSP;
		};
/* End PBXContainerItemProxy section */

/* Begin PBXFileReference section */
		9F288E861DD4CECF00280690 /* BaseViewController.h */ = {isa = PBXFileReference; fileEncoding = 4; lastKnownFileType = sourcecode.c.h; path = BaseViewController.h; sourceTree = "<group>"; };
		9F288E871DD4CECF00280690 /* BaseViewController.m */ = {isa = PBXFileReference; fileEncoding = 4; lastKnownFileType = sourcecode.c.objc; path = BaseViewController.m; sourceTree = "<group>"; };
		9F288E8A1DD4DC8000280690 /* Header.h */ = {isa = PBXFileReference; lastKnownFileType = sourcecode.c.h; path = Header.h; sourceTree = "<group>"; };
		9F8F49BE1DA9387C006E4E0E /* MJDictionaryCache.h */ = {isa = PBXFileReference; fileEncoding = 4; lastKnownFileType = sourcecode.c.h; path = MJDictionaryCache.h; sourceTree = "<group>"; };
		9F8F49BF1DA9387C006E4E0E /* MJDictionaryCache.m */ = {isa = PBXFileReference; fileEncoding = 4; lastKnownFileType = sourcecode.c.objc; path = MJDictionaryCache.m; sourceTree = "<group>"; };
		9F8F49C01DA9387C006E4E0E /* MJExtension.h */ = {isa = PBXFileReference; fileEncoding = 4; lastKnownFileType = sourcecode.c.h; path = MJExtension.h; sourceTree = "<group>"; };
		9F8F49C11DA9387C006E4E0E /* MJExtensionConst.h */ = {isa = PBXFileReference; fileEncoding = 4; lastKnownFileType = sourcecode.c.h; path = MJExtensionConst.h; sourceTree = "<group>"; };
		9F8F49C21DA9387C006E4E0E /* MJExtensionConst.m */ = {isa = PBXFileReference; fileEncoding = 4; lastKnownFileType = sourcecode.c.objc; path = MJExtensionConst.m; sourceTree = "<group>"; };
		9F8F49C31DA9387C006E4E0E /* MJFoundation.h */ = {isa = PBXFileReference; fileEncoding = 4; lastKnownFileType = sourcecode.c.h; path = MJFoundation.h; sourceTree = "<group>"; };
		9F8F49C41DA9387C006E4E0E /* MJFoundation.m */ = {isa = PBXFileReference; fileEncoding = 4; lastKnownFileType = sourcecode.c.objc; path = MJFoundation.m; sourceTree = "<group>"; };
		9F8F49C51DA9387C006E4E0E /* MJProperty.h */ = {isa = PBXFileReference; fileEncoding = 4; lastKnownFileType = sourcecode.c.h; path = MJProperty.h; sourceTree = "<group>"; };
		9F8F49C61DA9387C006E4E0E /* MJProperty.m */ = {isa = PBXFileReference; fileEncoding = 4; lastKnownFileType = sourcecode.c.objc; path = MJProperty.m; sourceTree = "<group>"; };
		9F8F49C71DA9387C006E4E0E /* MJPropertyKey.h */ = {isa = PBXFileReference; fileEncoding = 4; lastKnownFileType = sourcecode.c.h; path = MJPropertyKey.h; sourceTree = "<group>"; };
		9F8F49C81DA9387C006E4E0E /* MJPropertyKey.m */ = {isa = PBXFileReference; fileEncoding = 4; lastKnownFileType = sourcecode.c.objc; path = MJPropertyKey.m; sourceTree = "<group>"; };
		9F8F49C91DA9387C006E4E0E /* MJPropertyType.h */ = {isa = PBXFileReference; fileEncoding = 4; lastKnownFileType = sourcecode.c.h; path = MJPropertyType.h; sourceTree = "<group>"; };
		9F8F49CA1DA9387C006E4E0E /* MJPropertyType.m */ = {isa = PBXFileReference; fileEncoding = 4; lastKnownFileType = sourcecode.c.objc; path = MJPropertyType.m; sourceTree = "<group>"; };
		9F8F49CB1DA9387C006E4E0E /* NSObject+MJClass.h */ = {isa = PBXFileReference; fileEncoding = 4; lastKnownFileType = sourcecode.c.h; path = "NSObject+MJClass.h"; sourceTree = "<group>"; };
		9F8F49CC1DA9387C006E4E0E /* NSObject+MJClass.m */ = {isa = PBXFileReference; fileEncoding = 4; lastKnownFileType = sourcecode.c.objc; path = "NSObject+MJClass.m"; sourceTree = "<group>"; };
		9F8F49CD1DA9387C006E4E0E /* NSObject+MJCoding.h */ = {isa = PBXFileReference; fileEncoding = 4; lastKnownFileType = sourcecode.c.h; path = "NSObject+MJCoding.h"; sourceTree = "<group>"; };
		9F8F49CE1DA9387C006E4E0E /* NSObject+MJCoding.m */ = {isa = PBXFileReference; fileEncoding = 4; lastKnownFileType = sourcecode.c.objc; path = "NSObject+MJCoding.m"; sourceTree = "<group>"; };
		9F8F49CF1DA9387C006E4E0E /* NSObject+MJKeyValue.h */ = {isa = PBXFileReference; fileEncoding = 4; lastKnownFileType = sourcecode.c.h; path = "NSObject+MJKeyValue.h"; sourceTree = "<group>"; };
		9F8F49D01DA9387C006E4E0E /* NSObject+MJKeyValue.m */ = {isa = PBXFileReference; fileEncoding = 4; lastKnownFileType = sourcecode.c.objc; path = "NSObject+MJKeyValue.m"; sourceTree = "<group>"; };
		9F8F49D11DA9387C006E4E0E /* NSObject+MJProperty.h */ = {isa = PBXFileReference; fileEncoding = 4; lastKnownFileType = sourcecode.c.h; path = "NSObject+MJProperty.h"; sourceTree = "<group>"; };
		9F8F49D21DA9387C006E4E0E /* NSObject+MJProperty.m */ = {isa = PBXFileReference; fileEncoding = 4; lastKnownFileType = sourcecode.c.objc; path = "NSObject+MJProperty.m"; sourceTree = "<group>"; };
		9F8F49D31DA9387C006E4E0E /* NSString+MJExtension.h */ = {isa = PBXFileReference; fileEncoding = 4; lastKnownFileType = sourcecode.c.h; path = "NSString+MJExtension.h"; sourceTree = "<group>"; };
		9F8F49D41DA9387C006E4E0E /* NSString+MJExtension.m */ = {isa = PBXFileReference; fileEncoding = 4; lastKnownFileType = sourcecode.c.objc; path = "NSString+MJExtension.m"; sourceTree = "<group>"; };
		9FCE48E91D9D71E000E4BC13 /* FYYSP.app */ = {isa = PBXFileReference; explicitFileType = wrapper.application; includeInIndex = 0; path = FYYSP.app; sourceTree = BUILT_PRODUCTS_DIR; };
		9FCE48ED1D9D71E000E4BC13 /* main.m */ = {isa = PBXFileReference; lastKnownFileType = sourcecode.c.objc; path = main.m; sourceTree = "<group>"; };
		9FCE48EF1D9D71E000E4BC13 /* AppDelegate.h */ = {isa = PBXFileReference; lastKnownFileType = sourcecode.c.h; name = AppDelegate.h; path = ../../AppDelegate.h; sourceTree = "<group>"; };
		9FCE48F01D9D71E000E4BC13 /* AppDelegate.m */ = {isa = PBXFileReference; lastKnownFileType = sourcecode.c.objc; name = AppDelegate.m; path = ../../AppDelegate.m; sourceTree = "<group>"; };
		9FCE48F21D9D71E000E4BC13 /* ViewController.h */ = {isa = PBXFileReference; lastKnownFileType = sourcecode.c.h; path = ViewController.h; sourceTree = "<group>"; };
		9FCE48F31D9D71E000E4BC13 /* ViewController.m */ = {isa = PBXFileReference; lastKnownFileType = sourcecode.c.objc; path = ViewController.m; sourceTree = "<group>"; };
		9FCE48F61D9D71E000E4BC13 /* Base */ = {isa = PBXFileReference; lastKnownFileType = file.storyboard; name = Base; path = Base.lproj/Main.storyboard; sourceTree = "<group>"; };
		9FCE48F91D9D71E000E4BC13 /* FYYSP.xcdatamodel */ = {isa = PBXFileReference; lastKnownFileType = wrapper.xcdatamodel; path = FYYSP.xcdatamodel; sourceTree = "<group>"; };
		9FCE48FB1D9D71E000E4BC13 /* Assets.xcassets */ = {isa = PBXFileReference; lastKnownFileType = folder.assetcatalog; path = Assets.xcassets; sourceTree = "<group>"; };
		9FCE48FE1D9D71E000E4BC13 /* Base */ = {isa = PBXFileReference; lastKnownFileType = file.storyboard; name = Base; path = Base.lproj/LaunchScreen.storyboard; sourceTree = "<group>"; };
		9FCE49001D9D71E000E4BC13 /* Info.plist */ = {isa = PBXFileReference; lastKnownFileType = text.plist.xml; path = Info.plist; sourceTree = "<group>"; };
		9FCE49051D9D71E000E4BC13 /* FYYSPTests.xctest */ = {isa = PBXFileReference; explicitFileType = wrapper.cfbundle; includeInIndex = 0; path = FYYSPTests.xctest; sourceTree = BUILT_PRODUCTS_DIR; };
		9FCE49091D9D71E000E4BC13 /* FYYSPTests.m */ = {isa = PBXFileReference; lastKnownFileType = sourcecode.c.objc; path = FYYSPTests.m; sourceTree = "<group>"; };
		9FCE490B1D9D71E000E4BC13 /* Info.plist */ = {isa = PBXFileReference; lastKnownFileType = text.plist.xml; path = Info.plist; sourceTree = "<group>"; };
		9FCE49101D9D71E000E4BC13 /* FYYSPUITests.xctest */ = {isa = PBXFileReference; explicitFileType = wrapper.cfbundle; includeInIndex = 0; path = FYYSPUITests.xctest; sourceTree = BUILT_PRODUCTS_DIR; };
		9FCE49141D9D71E000E4BC13 /* FYYSPUITests.m */ = {isa = PBXFileReference; lastKnownFileType = sourcecode.c.objc; path = FYYSPUITests.m; sourceTree = "<group>"; };
		9FCE49161D9D71E000E4BC13 /* Info.plist */ = {isa = PBXFileReference; lastKnownFileType = text.plist.xml; path = Info.plist; sourceTree = "<group>"; };
		9FD9C1E71DA89D9E00E50986 /* PrefixHeader.pch */ = {isa = PBXFileReference; lastKnownFileType = sourcecode.c.h; path = PrefixHeader.pch; sourceTree = "<group>"; };
		9FD9C1EA1DA8CF4500E50986 /* AFHTTPSessionManager.h */ = {isa = PBXFileReference; fileEncoding = 4; lastKnownFileType = sourcecode.c.h; path = AFHTTPSessionManager.h; sourceTree = "<group>"; };
		9FD9C1EB1DA8CF4500E50986 /* AFHTTPSessionManager.m */ = {isa = PBXFileReference; fileEncoding = 4; lastKnownFileType = sourcecode.c.objc; path = AFHTTPSessionManager.m; sourceTree = "<group>"; };
		9FD9C1EC1DA8CF4500E50986 /* AFNetworking.h */ = {isa = PBXFileReference; fileEncoding = 4; lastKnownFileType = sourcecode.c.h; path = AFNetworking.h; sourceTree = "<group>"; };
		9FD9C1ED1DA8CF4500E50986 /* AFNetworkReachabilityManager.h */ = {isa = PBXFileReference; fileEncoding = 4; lastKnownFileType = sourcecode.c.h; path = AFNetworkReachabilityManager.h; sourceTree = "<group>"; };
		9FD9C1EE1DA8CF4500E50986 /* AFNetworkReachabilityManager.m */ = {isa = PBXFileReference; fileEncoding = 4; lastKnownFileType = sourcecode.c.objc; path = AFNetworkReachabilityManager.m; sourceTree = "<group>"; };
		9FD9C1EF1DA8CF4500E50986 /* AFSecurityPolicy.h */ = {isa = PBXFileReference; fileEncoding = 4; lastKnownFileType = sourcecode.c.h; path = AFSecurityPolicy.h; sourceTree = "<group>"; };
		9FD9C1F01DA8CF4500E50986 /* AFSecurityPolicy.m */ = {isa = PBXFileReference; fileEncoding = 4; lastKnownFileType = sourcecode.c.objc; path = AFSecurityPolicy.m; sourceTree = "<group>"; };
		9FD9C1F11DA8CF4500E50986 /* AFURLRequestSerialization.h */ = {isa = PBXFileReference; fileEncoding = 4; lastKnownFileType = sourcecode.c.h; path = AFURLRequestSerialization.h; sourceTree = "<group>"; };
		9FD9C1F21DA8CF4500E50986 /* AFURLRequestSerialization.m */ = {isa = PBXFileReference; fileEncoding = 4; lastKnownFileType = sourcecode.c.objc; path = AFURLRequestSerialization.m; sourceTree = "<group>"; };
		9FD9C1F31DA8CF4500E50986 /* AFURLResponseSerialization.h */ = {isa = PBXFileReference; fileEncoding = 4; lastKnownFileType = sourcecode.c.h; path = AFURLResponseSerialization.h; sourceTree = "<group>"; };
		9FD9C1F41DA8CF4500E50986 /* AFURLResponseSerialization.m */ = {isa = PBXFileReference; fileEncoding = 4; lastKnownFileType = sourcecode.c.objc; path = AFURLResponseSerialization.m; sourceTree = "<group>"; };
		9FD9C1F51DA8CF4500E50986 /* AFURLSessionManager.h */ = {isa = PBXFileReference; fileEncoding = 4; lastKnownFileType = sourcecode.c.h; path = AFURLSessionManager.h; sourceTree = "<group>"; };
		9FD9C1F61DA8CF4500E50986 /* AFURLSessionManager.m */ = {isa = PBXFileReference; fileEncoding = 4; lastKnownFileType = sourcecode.c.objc; path = AFURLSessionManager.m; sourceTree = "<group>"; };
		9FD9C1F81DA8CF4500E50986 /* AFAutoPurgingImageCache.h */ = {isa = PBXFileReference; fileEncoding = 4; lastKnownFileType = sourcecode.c.h; path = AFAutoPurgingImageCache.h; sourceTree = "<group>"; };
		9FD9C1F91DA8CF4500E50986 /* AFAutoPurgingImageCache.m */ = {isa = PBXFileReference; fileEncoding = 4; lastKnownFileType = sourcecode.c.objc; path = AFAutoPurgingImageCache.m; sourceTree = "<group>"; };
		9FD9C1FA1DA8CF4500E50986 /* AFImageDownloader.h */ = {isa = PBXFileReference; fileEncoding = 4; lastKnownFileType = sourcecode.c.h; path = AFImageDownloader.h; sourceTree = "<group>"; };
		9FD9C1FB1DA8CF4500E50986 /* AFImageDownloader.m */ = {isa = PBXFileReference; fileEncoding = 4; lastKnownFileType = sourcecode.c.objc; path = AFImageDownloader.m; sourceTree = "<group>"; };
		9FD9C1FC1DA8CF4500E50986 /* AFNetworkActivityIndicatorManager.h */ = {isa = PBXFileReference; fileEncoding = 4; lastKnownFileType = sourcecode.c.h; path = AFNetworkActivityIndicatorManager.h; sourceTree = "<group>"; };
		9FD9C1FD1DA8CF4500E50986 /* AFNetworkActivityIndicatorManager.m */ = {isa = PBXFileReference; fileEncoding = 4; lastKnownFileType = sourcecode.c.objc; path = AFNetworkActivityIndicatorManager.m; sourceTree = "<group>"; };
		9FD9C1FE1DA8CF4500E50986 /* UIActivityIndicatorView+AFNetworking.h */ = {isa = PBXFileReference; fileEncoding = 4; lastKnownFileType = sourcecode.c.h; path = "UIActivityIndicatorView+AFNetworking.h"; sourceTree = "<group>"; };
		9FD9C1FF1DA8CF4500E50986 /* UIActivityIndicatorView+AFNetworking.m */ = {isa = PBXFileReference; fileEncoding = 4; lastKnownFileType = sourcecode.c.objc; path = "UIActivityIndicatorView+AFNetworking.m"; sourceTree = "<group>"; };
		9FD9C2001DA8CF4500E50986 /* UIButton+AFNetworking.h */ = {isa = PBXFileReference; fileEncoding = 4; lastKnownFileType = sourcecode.c.h; path = "UIButton+AFNetworking.h"; sourceTree = "<group>"; };
		9FD9C2011DA8CF4500E50986 /* UIButton+AFNetworking.m */ = {isa = PBXFileReference; fileEncoding = 4; lastKnownFileType = sourcecode.c.objc; path = "UIButton+AFNetworking.m"; sourceTree = "<group>"; };
		9FD9C2021DA8CF4500E50986 /* UIImage+AFNetworking.h */ = {isa = PBXFileReference; fileEncoding = 4; lastKnownFileType = sourcecode.c.h; path = "UIImage+AFNetworking.h"; sourceTree = "<group>"; };
		9FD9C2031DA8CF4500E50986 /* UIImageView+AFNetworking.h */ = {isa = PBXFileReference; fileEncoding = 4; lastKnownFileType = sourcecode.c.h; path = "UIImageView+AFNetworking.h"; sourceTree = "<group>"; };
		9FD9C2041DA8CF4500E50986 /* UIImageView+AFNetworking.m */ = {isa = PBXFileReference; fileEncoding = 4; lastKnownFileType = sourcecode.c.objc; path = "UIImageView+AFNetworking.m"; sourceTree = "<group>"; };
		9FD9C2051DA8CF4500E50986 /* UIKit+AFNetworking.h */ = {isa = PBXFileReference; fileEncoding = 4; lastKnownFileType = sourcecode.c.h; path = "UIKit+AFNetworking.h"; sourceTree = "<group>"; };
		9FD9C2061DA8CF4500E50986 /* UIProgressView+AFNetworking.h */ = {isa = PBXFileReference; fileEncoding = 4; lastKnownFileType = sourcecode.c.h; path = "UIProgressView+AFNetworking.h"; sourceTree = "<group>"; };
		9FD9C2071DA8CF4500E50986 /* UIProgressView+AFNetworking.m */ = {isa = PBXFileReference; fileEncoding = 4; lastKnownFileType = sourcecode.c.objc; path = "UIProgressView+AFNetworking.m"; sourceTree = "<group>"; };
		9FD9C2081DA8CF4500E50986 /* UIRefreshControl+AFNetworking.h */ = {isa = PBXFileReference; fileEncoding = 4; lastKnownFileType = sourcecode.c.h; path = "UIRefreshControl+AFNetworking.h"; sourceTree = "<group>"; };
		9FD9C2091DA8CF4500E50986 /* UIRefreshControl+AFNetworking.m */ = {isa = PBXFileReference; fileEncoding = 4; lastKnownFileType = sourcecode.c.objc; path = "UIRefreshControl+AFNetworking.m"; sourceTree = "<group>"; };
		9FD9C20A1DA8CF4500E50986 /* UIWebView+AFNetworking.h */ = {isa = PBXFileReference; fileEncoding = 4; lastKnownFileType = sourcecode.c.h; path = "UIWebView+AFNetworking.h"; sourceTree = "<group>"; };
		9FD9C20B1DA8CF4500E50986 /* UIWebView+AFNetworking.m */ = {isa = PBXFileReference; fileEncoding = 4; lastKnownFileType = sourcecode.c.objc; path = "UIWebView+AFNetworking.m"; sourceTree = "<group>"; };
		9FD9C21F1DA8D70200E50986 /* ModelOne.h */ = {isa = PBXFileReference; fileEncoding = 4; lastKnownFileType = sourcecode.c.h; path = ModelOne.h; sourceTree = "<group>"; };
		9FD9C2201DA8D70200E50986 /* ModelOne.m */ = {isa = PBXFileReference; fileEncoding = 4; lastKnownFileType = sourcecode.c.objc; path = ModelOne.m; sourceTree = "<group>"; };
		9FD9C2241DA8EC1800E50986 /* NSObject+Model.h */ = {isa = PBXFileReference; fileEncoding = 4; lastKnownFileType = sourcecode.c.h; path = "NSObject+Model.h"; sourceTree = "<group>"; };
		9FD9C2251DA8EC1800E50986 /* NSObject+Model.m */ = {isa = PBXFileReference; fileEncoding = 4; lastKnownFileType = sourcecode.c.objc; path = "NSObject+Model.m"; sourceTree = "<group>"; };
		9FFAE2E71DD46E3900D46DEC /* AVFoundation.framework */ = {isa = PBXFileReference; lastKnownFileType = wrapper.framework; name = AVFoundation.framework; path = System/Library/Frameworks/AVFoundation.framework; sourceTree = SDKROOT; };
/* End PBXFileReference section */

/* Begin PBXFrameworksBuildPhase section */
		9FCE48E61D9D71E000E4BC13 /* Frameworks */ = {
			isa = PBXFrameworksBuildPhase;
			buildActionMask = 2147483647;
			files = (
				9FFAE2E81DD46E3900D46DEC /* AVFoundation.framework in Frameworks */,
			);
			runOnlyForDeploymentPostprocessing = 0;
		};
		9FCE49021D9D71E000E4BC13 /* Frameworks */ = {
			isa = PBXFrameworksBuildPhase;
			buildActionMask = 2147483647;
			files = (
			);
			runOnlyForDeploymentPostprocessing = 0;
		};
		9FCE490D1D9D71E000E4BC13 /* Frameworks */ = {
			isa = PBXFrameworksBuildPhase;
			buildActionMask = 2147483647;
			files = (
			);
			runOnlyForDeploymentPostprocessing = 0;
		};
/* End PBXFrameworksBuildPhase section */

/* Begin PBXGroup section */
		9F8F49BD1DA9387C006E4E0E /* MJExtension */ = {
			isa = PBXGroup;
			children = (
				9F8F49BE1DA9387C006E4E0E /* MJDictionaryCache.h */,
				9F8F49BF1DA9387C006E4E0E /* MJDictionaryCache.m */,
				9F8F49C01DA9387C006E4E0E /* MJExtension.h */,
				9F8F49C11DA9387C006E4E0E /* MJExtensionConst.h */,
				9F8F49C21DA9387C006E4E0E /* MJExtensionConst.m */,
				9F8F49C31DA9387C006E4E0E /* MJFoundation.h */,
				9F8F49C41DA9387C006E4E0E /* MJFoundation.m */,
				9F8F49C51DA9387C006E4E0E /* MJProperty.h */,
				9F8F49C61DA9387C006E4E0E /* MJProperty.m */,
				9F8F49C71DA9387C006E4E0E /* MJPropertyKey.h */,
				9F8F49C81DA9387C006E4E0E /* MJPropertyKey.m */,
				9F8F49C91DA9387C006E4E0E /* MJPropertyType.h */,
				9F8F49CA1DA9387C006E4E0E /* MJPropertyType.m */,
				9F8F49CB1DA9387C006E4E0E /* NSObject+MJClass.h */,
				9F8F49CC1DA9387C006E4E0E /* NSObject+MJClass.m */,
				9F8F49CD1DA9387C006E4E0E /* NSObject+MJCoding.h */,
				9F8F49CE1DA9387C006E4E0E /* NSObject+MJCoding.m */,
				9F8F49CF1DA9387C006E4E0E /* NSObject+MJKeyValue.h */,
				9F8F49D01DA9387C006E4E0E /* NSObject+MJKeyValue.m */,
				9F8F49D11DA9387C006E4E0E /* NSObject+MJProperty.h */,
				9F8F49D21DA9387C006E4E0E /* NSObject+MJProperty.m */,
				9F8F49D31DA9387C006E4E0E /* NSString+MJExtension.h */,
				9F8F49D41DA9387C006E4E0E /* NSString+MJExtension.m */,
			);
			path = MJExtension;
			sourceTree = "<group>";
		};
		9FCE48E01D9D71E000E4BC13 = {
			isa = PBXGroup;
			children = (
				9FCE48EB1D9D71E000E4BC13 /* FYYSP */,
				9FCE49081D9D71E000E4BC13 /* FYYSPTests */,
				9FCE49131D9D71E000E4BC13 /* FYYSPUITests */,
				9FCE48EA1D9D71E000E4BC13 /* Products */,
				9FFAE2E61DD46E3900D46DEC /* Frameworks */,
			);
			sourceTree = "<group>";
		};
		9FCE48EA1D9D71E000E4BC13 /* Products */ = {
			isa = PBXGroup;
			children = (
				9FCE48E91D9D71E000E4BC13 /* FYYSP.app */,
				9FCE49051D9D71E000E4BC13 /* FYYSPTests.xctest */,
				9FCE49101D9D71E000E4BC13 /* FYYSPUITests.xctest */,
			);
			name = Products;
			sourceTree = "<group>";
		};
		9FCE48EB1D9D71E000E4BC13 /* FYYSP */ = {
			isa = PBXGroup;
			children = (
				9FD9C1E11DA89C1800E50986 /* Class(主要类) */,
				9FD9C1E41DA89C1800E50986 /* Utils(工具) */,
				9FD9C1E61DA89CD900E50986 /* Config(配置) */,
				9FD9C1E01DA89C1800E50986 /* 3Tools(第三方) */,
				9FCE48EC1D9D71E000E4BC13 /* Supporting Files */,
			);
			path = FYYSP;
			sourceTree = "<group>";
		};
		9FCE48EC1D9D71E000E4BC13 /* Supporting Files */ = {
			isa = PBXGroup;
			children = (
				9FCE48F21D9D71E000E4BC13 /* ViewController.h */,
				9FCE48F31D9D71E000E4BC13 /* ViewController.m */,
				9FD9C21F1DA8D70200E50986 /* ModelOne.h */,
				9FD9C2201DA8D70200E50986 /* ModelOne.m */,
				9FCE48F51D9D71E000E4BC13 /* Main.storyboard */,
				9FCE48FB1D9D71E000E4BC13 /* Assets.xcassets */,
				9FCE48FD1D9D71E000E4BC13 /* LaunchScreen.storyboard */,
				9FCE48F81D9D71E000E4BC13 /* FYYSP.xcdatamodeld */,
				9FCE49001D9D71E000E4BC13 /* Info.plist */,
				9FCE48ED1D9D71E000E4BC13 /* main.m */,
			);
			name = "Supporting Files";
			sourceTree = "<group>";
		};
		9FCE49081D9D71E000E4BC13 /* FYYSPTests */ = {
			isa = PBXGroup;
			children = (
				9FCE49091D9D71E000E4BC13 /* FYYSPTests.m */,
				9FCE490B1D9D71E000E4BC13 /* Info.plist */,
			);
			path = FYYSPTests;
			sourceTree = "<group>";
		};
		9FCE49131D9D71E000E4BC13 /* FYYSPUITests */ = {
			isa = PBXGroup;
			children = (
				9FCE49141D9D71E000E4BC13 /* FYYSPUITests.m */,
				9FCE49161D9D71E000E4BC13 /* Info.plist */,
			);
			path = FYYSPUITests;
			sourceTree = "<group>";
		};
		9FD9C1E01DA89C1800E50986 /* 3Tools(第三方) */ = {
			isa = PBXGroup;
			children = (
				9F8F49BD1DA9387C006E4E0E /* MJExtension */,
				9FD9C1E81DA8CF4500E50986 /* AFNetworking3.0 */,
			);
			name = "3Tools(第三方)";
			path = 3Tools;
			sourceTree = "<group>";
		};
		9FD9C1E11DA89C1800E50986 /* Class(主要类) */ = {
			isa = PBXGroup;
			children = (
				9FFAE2E01DD46CE600D46DEC /* Base(重写) */,
				9FFAE2E11DD46CE600D46DEC /* Main(主要) */,
				9FFAE2E21DD46CE600D46DEC /* Other(其它) */,
			);
			name = "Class(主要类)";
			path = Class;
			sourceTree = "<group>";
		};
		9FD9C1E41DA89C1800E50986 /* Utils(工具) */ = {
			isa = PBXGroup;
			children = (
				9FFAE2ED1DD4712400D46DEC /* NetWork */,
				9FD9C2241DA8EC1800E50986 /* NSObject+Model.h */,
				9FD9C2251DA8EC1800E50986 /* NSObject+Model.m */,
			);
			name = "Utils(工具)";
			path = Utils;
			sourceTree = "<group>";
		};
		9FD9C1E61DA89CD900E50986 /* Config(配置) */ = {
			isa = PBXGroup;
			children = (
				9FD9C1E71DA89D9E00E50986 /* PrefixHeader.pch */,
				9F288E8A1DD4DC8000280690 /* Header.h */,
			);
			name = "Config(配置)";
			path = Config;
			sourceTree = "<group>";
		};
		9FD9C1E81DA8CF4500E50986 /* AFNetworking3.0 */ = {
			isa = PBXGroup;
			children = (
				9FD9C1E91DA8CF4500E50986 /* AFNetworking */,
				9FD9C1F71DA8CF4500E50986 /* UIKit+AFNetworking */,
			);
			path = AFNetworking3.0;
			sourceTree = "<group>";
		};
		9FD9C1E91DA8CF4500E50986 /* AFNetworking */ = {
			isa = PBXGroup;
			children = (
				9FD9C1EA1DA8CF4500E50986 /* AFHTTPSessionManager.h */,
				9FD9C1EB1DA8CF4500E50986 /* AFHTTPSessionManager.m */,
				9FD9C1EC1DA8CF4500E50986 /* AFNetworking.h */,
				9FD9C1ED1DA8CF4500E50986 /* AFNetworkReachabilityManager.h */,
				9FD9C1EE1DA8CF4500E50986 /* AFNetworkReachabilityManager.m */,
				9FD9C1EF1DA8CF4500E50986 /* AFSecurityPolicy.h */,
				9FD9C1F01DA8CF4500E50986 /* AFSecurityPolicy.m */,
				9FD9C1F11DA8CF4500E50986 /* AFURLRequestSerialization.h */,
				9FD9C1F21DA8CF4500E50986 /* AFURLRequestSerialization.m */,
				9FD9C1F31DA8CF4500E50986 /* AFURLResponseSerialization.h */,
				9FD9C1F41DA8CF4500E50986 /* AFURLResponseSerialization.m */,
				9FD9C1F51DA8CF4500E50986 /* AFURLSessionManager.h */,
				9FD9C1F61DA8CF4500E50986 /* AFURLSessionManager.m */,
			);
			path = AFNetworking;
			sourceTree = "<group>";
		};
		9FD9C1F71DA8CF4500E50986 /* UIKit+AFNetworking */ = {
			isa = PBXGroup;
			children = (
				9FD9C1F81DA8CF4500E50986 /* AFAutoPurgingImageCache.h */,
				9FD9C1F91DA8CF4500E50986 /* AFAutoPurgingImageCache.m */,
				9FD9C1FA1DA8CF4500E50986 /* AFImageDownloader.h */,
				9FD9C1FB1DA8CF4500E50986 /* AFImageDownloader.m */,
				9FD9C1FC1DA8CF4500E50986 /* AFNetworkActivityIndicatorManager.h */,
				9FD9C1FD1DA8CF4500E50986 /* AFNetworkActivityIndicatorManager.m */,
				9FD9C1FE1DA8CF4500E50986 /* UIActivityIndicatorView+AFNetworking.h */,
				9FD9C1FF1DA8CF4500E50986 /* UIActivityIndicatorView+AFNetworking.m */,
				9FD9C2001DA8CF4500E50986 /* UIButton+AFNetworking.h */,
				9FD9C2011DA8CF4500E50986 /* UIButton+AFNetworking.m */,
				9FD9C2021DA8CF4500E50986 /* UIImage+AFNetworking.h */,
				9FD9C2031DA8CF4500E50986 /* UIImageView+AFNetworking.h */,
				9FD9C2041DA8CF4500E50986 /* UIImageView+AFNetworking.m */,
				9FD9C2051DA8CF4500E50986 /* UIKit+AFNetworking.h */,
				9FD9C2061DA8CF4500E50986 /* UIProgressView+AFNetworking.h */,
				9FD9C2071DA8CF4500E50986 /* UIProgressView+AFNetworking.m */,
				9FD9C2081DA8CF4500E50986 /* UIRefreshControl+AFNetworking.h */,
				9FD9C2091DA8CF4500E50986 /* UIRefreshControl+AFNetworking.m */,
				9FD9C20A1DA8CF4500E50986 /* UIWebView+AFNetworking.h */,
				9FD9C20B1DA8CF4500E50986 /* UIWebView+AFNetworking.m */,
			);
			path = "UIKit+AFNetworking";
			sourceTree = "<group>";
		};
		9FFAE2E01DD46CE600D46DEC /* Base(重写) */ = {
			isa = PBXGroup;
			children = (
				9F288E861DD4CECF00280690 /* BaseViewController.h */,
				9F288E871DD4CECF00280690 /* BaseViewController.m */,
			);
			name = "Base(重写)";
			path = Base;
			sourceTree = "<group>";
		};
		9FFAE2E11DD46CE600D46DEC /* Main(主要) */ = {
			isa = PBXGroup;
			children = (
			);
			name = "Main(主要)";
			path = Main;
			sourceTree = "<group>";
		};
		9FFAE2E21DD46CE600D46DEC /* Other(其它) */ = {
			isa = PBXGroup;
			children = (
				9FFAE2E91DD46F4A00D46DEC /* GlobalService */,
				9FCE48EF1D9D71E000E4BC13 /* AppDelegate.h */,
				9FCE48F01D9D71E000E4BC13 /* AppDelegate.m */,
			);
			name = "Other(其它)";
			path = Other;
			sourceTree = "<group>";
		};
		9FFAE2E61DD46E3900D46DEC /* Frameworks */ = {
			isa = PBXGroup;
			children = (
				9FFAE2E71DD46E3900D46DEC /* AVFoundation.framework */,
			);
			name = Frameworks;
			sourceTree = "<group>";
		};
		9FFAE2E91DD46F4A00D46DEC /* GlobalService */ = {
			isa = PBXGroup;
			children = (
			);
			path = GlobalService;
			sourceTree = "<group>";
		};
		9FFAE2ED1DD4712400D46DEC /* NetWork */ = {
			isa = PBXGroup;
			children = (
			);
			path = NetWork;
			sourceTree = "<group>";
		};
/* End PBXGroup section */

/* Begin PBXNativeTarget section */
		9FCE48E81D9D71E000E4BC13 /* FYYSP */ = {
			isa = PBXNativeTarget;
			buildConfigurationList = 9FCE49191D9D71E000E4BC13 /* Build configuration list for PBXNativeTarget "FYYSP" */;
			buildPhases = (
				9FCE48E51D9D71E000E4BC13 /* Sources */,
				9FCE48E61D9D71E000E4BC13 /* Frameworks */,
				9FCE48E71D9D71E000E4BC13 /* Resources */,
			);
			buildRules = (
			);
			dependencies = (
			);
			name = FYYSP;
			productName = FYYSP;
			productReference = 9FCE48E91D9D71E000E4BC13 /* FYYSP.app */;
			productType = "com.apple.product-type.application";
		};
		9FCE49041D9D71E000E4BC13 /* FYYSPTests */ = {
			isa = PBXNativeTarget;
			buildConfigurationList = 9FCE491C1D9D71E000E4BC13 /* Build configuration list for PBXNativeTarget "FYYSPTests" */;
			buildPhases = (
				9FCE49011D9D71E000E4BC13 /* Sources */,
				9FCE49021D9D71E000E4BC13 /* Frameworks */,
				9FCE49031D9D71E000E4BC13 /* Resources */,
			);
			buildRules = (
			);
			dependencies = (
				9FCE49071D9D71E000E4BC13 /* PBXTargetDependency */,
			);
			name = FYYSPTests;
			productName = FYYSPTests;
			productReference = 9FCE49051D9D71E000E4BC13 /* FYYSPTests.xctest */;
			productType = "com.apple.product-type.bundle.unit-test";
		};
		9FCE490F1D9D71E000E4BC13 /* FYYSPUITests */ = {
			isa = PBXNativeTarget;
			buildConfigurationList = 9FCE491F1D9D71E000E4BC13 /* Build configuration list for PBXNativeTarget "FYYSPUITests" */;
			buildPhases = (
				9FCE490C1D9D71E000E4BC13 /* Sources */,
				9FCE490D1D9D71E000E4BC13 /* Frameworks */,
				9FCE490E1D9D71E000E4BC13 /* Resources */,
			);
			buildRules = (
			);
			dependencies = (
				9FCE49121D9D71E000E4BC13 /* PBXTargetDependency */,
			);
			name = FYYSPUITests;
			productName = FYYSPUITests;
			productReference = 9FCE49101D9D71E000E4BC13 /* FYYSPUITests.xctest */;
			productType = "com.apple.product-type.bundle.ui-testing";
		};
/* End PBXNativeTarget section */

/* Begin PBXProject section */
		9FCE48E11D9D71E000E4BC13 /* Project object */ = {
			isa = PBXProject;
			attributes = {
				LastUpgradeCheck = 0730;
				ORGANIZATIONNAME = chenfei;
				TargetAttributes = {
					9FCE48E81D9D71E000E4BC13 = {
						CreatedOnToolsVersion = 7.3.1;
					};
					9FCE49041D9D71E000E4BC13 = {
						CreatedOnToolsVersion = 7.3.1;
						TestTargetID = 9FCE48E81D9D71E000E4BC13;
					};
					9FCE490F1D9D71E000E4BC13 = {
						CreatedOnToolsVersion = 7.3.1;
						TestTargetID = 9FCE48E81D9D71E000E4BC13;
					};
				};
			};
			buildConfigurationList = 9FCE48E41D9D71E000E4BC13 /* Build configuration list for PBXProject "FYYSP" */;
			compatibilityVersion = "Xcode 3.2";
			developmentRegion = English;
			hasScannedForEncodings = 0;
			knownRegions = (
				en,
				Base,
			);
			mainGroup = 9FCE48E01D9D71E000E4BC13;
			productRefGroup = 9FCE48EA1D9D71E000E4BC13 /* Products */;
			projectDirPath = "";
			projectRoot = "";
			targets = (
				9FCE48E81D9D71E000E4BC13 /* FYYSP */,
				9FCE49041D9D71E000E4BC13 /* FYYSPTests */,
				9FCE490F1D9D71E000E4BC13 /* FYYSPUITests */,
			);
		};
/* End PBXProject section */

/* Begin PBXResourcesBuildPhase section */
		9FCE48E71D9D71E000E4BC13 /* Resources */ = {
			isa = PBXResourcesBuildPhase;
			buildActionMask = 2147483647;
			files = (
				9FCE48FF1D9D71E000E4BC13 /* LaunchScreen.storyboard in Resources */,
				9FCE48FC1D9D71E000E4BC13 /* Assets.xcassets in Resources */,
				9FCE48F71D9D71E000E4BC13 /* Main.storyboard in Resources */,
			);
			runOnlyForDeploymentPostprocessing = 0;
		};
		9FCE49031D9D71E000E4BC13 /* Resources */ = {
			isa = PBXResourcesBuildPhase;
			buildActionMask = 2147483647;
			files = (
			);
			runOnlyForDeploymentPostprocessing = 0;
		};
		9FCE490E1D9D71E000E4BC13 /* Resources */ = {
			isa = PBXResourcesBuildPhase;
			buildActionMask = 2147483647;
			files = (
			);
			runOnlyForDeploymentPostprocessing = 0;
		};
/* End PBXResourcesBuildPhase section */

/* Begin PBXSourcesBuildPhase section */
		9FCE48E51D9D71E000E4BC13 /* Sources */ = {
			isa = PBXSourcesBuildPhase;
			buildActionMask = 2147483647;
			files = (
				9F8F49DB1DA9387C006E4E0E /* NSObject+MJClass.m in Sources */,
				9FD9C2261DA8EC1800E50986 /* NSObject+Model.m in Sources */,
				9FD9C20E1DA8CF4500E50986 /* AFSecurityPolicy.m in Sources */,
				9FD9C2101DA8CF4500E50986 /* AFURLResponseSerialization.m in Sources */,
				9F8F49D91DA9387C006E4E0E /* MJPropertyKey.m in Sources */,
				9F8F49DA1DA9387C006E4E0E /* MJPropertyType.m in Sources */,
				9FCE48F41D9D71E000E4BC13 /* ViewController.m in Sources */,
				9FCE48FA1D9D71E000E4BC13 /* FYYSP.xcdatamodeld in Sources */,
				9FD9C20C1DA8CF4500E50986 /* AFHTTPSessionManager.m in Sources */,
				9FD9C2111DA8CF4500E50986 /* AFURLSessionManager.m in Sources */,
				9F8F49DD1DA9387C006E4E0E /* NSObject+MJKeyValue.m in Sources */,
				9FD9C2151DA8CF4500E50986 /* UIActivityIndicatorView+AFNetworking.m in Sources */,
				9FCE48F11D9D71E000E4BC13 /* AppDelegate.m in Sources */,
				9F288E881DD4CECF00280690 /* BaseViewController.m in Sources */,
				9FD9C2181DA8CF4500E50986 /* UIProgressView+AFNetworking.m in Sources */,
				9F8F49DE1DA9387C006E4E0E /* NSObject+MJProperty.m in Sources */,
				9F8F49DC1DA9387C006E4E0E /* NSObject+MJCoding.m in Sources */,
				9FD9C20D1DA8CF4500E50986 /* AFNetworkReachabilityManager.m in Sources */,
				9FCE48EE1D9D71E000E4BC13 /* main.m in Sources */,
				9FD9C2141DA8CF4500E50986 /* AFNetworkActivityIndicatorManager.m in Sources */,
				9FD9C2171DA8CF4500E50986 /* UIImageView+AFNetworking.m in Sources */,
				9FD9C2161DA8CF4500E50986 /* UIButton+AFNetworking.m in Sources */,
				9F8F49D61DA9387C006E4E0E /* MJExtensionConst.m in Sources */,
				9F8F49DF1DA9387C006E4E0E /* NSString+MJExtension.m in Sources */,
				9F8F49D81DA9387C006E4E0E /* MJProperty.m in Sources */,
				9FD9C2191DA8CF4500E50986 /* UIRefreshControl+AFNetworking.m in Sources */,
				9FD9C21A1DA8CF4500E50986 /* UIWebView+AFNetworking.m in Sources */,
				9FD9C20F1DA8CF4500E50986 /* AFURLRequestSerialization.m in Sources */,
				9F8F49D51DA9387C006E4E0E /* MJDictionaryCache.m in Sources */,
				9FD9C2121DA8CF4500E50986 /* AFAutoPurgingImageCache.m in Sources */,
				9FD9C2211DA8D70200E50986 /* ModelOne.m in Sources */,
				9F8F49D71DA9387C006E4E0E /* MJFoundation.m in Sources */,
				9FD9C2131DA8CF4500E50986 /* AFImageDownloader.m in Sources */,
			);
			runOnlyForDeploymentPostprocessing = 0;
		};
		9FCE49011D9D71E000E4BC13 /* Sources */ = {
			isa = PBXSourcesBuildPhase;
			buildActionMask = 2147483647;
			files = (
				9FCE490A1D9D71E000E4BC13 /* FYYSPTests.m in Sources */,
			);
			runOnlyForDeploymentPostprocessing = 0;
		};
		9FCE490C1D9D71E000E4BC13 /* Sources */ = {
			isa = PBXSourcesBuildPhase;
			buildActionMask = 2147483647;
			files = (
				9FCE49151D9D71E000E4BC13 /* FYYSPUITests.m in Sources */,
			);
			runOnlyForDeploymentPostprocessing = 0;
		};
/* End PBXSourcesBuildPhase section */

/* Begin PBXTargetDependency section */
		9FCE49071D9D71E000E4BC13 /* PBXTargetDependency */ = {
			isa = PBXTargetDependency;
			target = 9FCE48E81D9D71E000E4BC13 /* FYYSP */;
			targetProxy = 9FCE49061D9D71E000E4BC13 /* PBXContainerItemProxy */;
		};
		9FCE49121D9D71E000E4BC13 /* PBXTargetDependency */ = {
			isa = PBXTargetDependency;
			target = 9FCE48E81D9D71E000E4BC13 /* FYYSP */;
			targetProxy = 9FCE49111D9D71E000E4BC13 /* PBXContainerItemProxy */;
		};
/* End PBXTargetDependency section */

/* Begin PBXVariantGroup section */
		9FCE48F51D9D71E000E4BC13 /* Main.storyboard */ = {
			isa = PBXVariantGroup;
			children = (
				9FCE48F61D9D71E000E4BC13 /* Base */,
			);
			name = Main.storyboard;
			sourceTree = "<group>";
		};
		9FCE48FD1D9D71E000E4BC13 /* LaunchScreen.storyboard */ = {
			isa = PBXVariantGroup;
			children = (
				9FCE48FE1D9D71E000E4BC13 /* Base */,
			);
			name = LaunchScreen.storyboard;
			sourceTree = "<group>";
		};
/* End PBXVariantGroup section */

/* Begin XCBuildConfiguration section */
		9FCE49171D9D71E000E4BC13 /* Debug */ = {
			isa = XCBuildConfiguration;
			buildSettings = {
				ALWAYS_SEARCH_USER_PATHS = NO;
				CLANG_ANALYZER_NONNULL = YES;
				CLANG_CXX_LANGUAGE_STANDARD = "gnu++0x";
				CLANG_CXX_LIBRARY = "libc++";
				CLANG_ENABLE_MODULES = YES;
				CLANG_ENABLE_OBJC_ARC = YES;
				CLANG_WARN_BOOL_CONVERSION = YES;
				CLANG_WARN_CONSTANT_CONVERSION = YES;
				CLANG_WARN_DIRECT_OBJC_ISA_USAGE = YES_ERROR;
				CLANG_WARN_EMPTY_BODY = YES;
				CLANG_WARN_ENUM_CONVERSION = YES;
				CLANG_WARN_INT_CONVERSION = YES;
				CLANG_WARN_OBJC_ROOT_CLASS = YES_ERROR;
				CLANG_WARN_UNREACHABLE_CODE = YES;
				CLANG_WARN__DUPLICATE_METHOD_MATCH = YES;
				"CODE_SIGN_IDENTITY[sdk=iphoneos*]" = "iPhone Developer";
				COPY_PHASE_STRIP = NO;
				DEBUG_INFORMATION_FORMAT = dwarf;
				ENABLE_STRICT_OBJC_MSGSEND = YES;
				ENABLE_TESTABILITY = YES;
				GCC_C_LANGUAGE_STANDARD = gnu99;
				GCC_DYNAMIC_NO_PIC = NO;
				GCC_NO_COMMON_BLOCKS = YES;
				GCC_OPTIMIZATION_LEVEL = 0;
				GCC_PREPROCESSOR_DEFINITIONS = (
					"DEBUG=1",
					"$(inherited)",
				);
				GCC_WARN_64_TO_32_BIT_CONVERSION = YES;
				GCC_WARN_ABOUT_RETURN_TYPE = YES_ERROR;
				GCC_WARN_UNDECLARED_SELECTOR = YES;
				GCC_WARN_UNINITIALIZED_AUTOS = YES_AGGRESSIVE;
				GCC_WARN_UNUSED_FUNCTION = YES;
				GCC_WARN_UNUSED_VARIABLE = YES;
				IPHONEOS_DEPLOYMENT_TARGET = 9.3;
				MTL_ENABLE_DEBUG_INFO = YES;
				ONLY_ACTIVE_ARCH = YES;
				SDKROOT = iphoneos;
				TARGETED_DEVICE_FAMILY = "1,2";
			};
			name = Debug;
		};
		9FCE49181D9D71E000E4BC13 /* Release */ = {
			isa = XCBuildConfiguration;
			buildSettings = {
				ALWAYS_SEARCH_USER_PATHS = NO;
				CLANG_ANALYZER_NONNULL = YES;
				CLANG_CXX_LANGUAGE_STANDARD = "gnu++0x";
				CLANG_CXX_LIBRARY = "libc++";
				CLANG_ENABLE_MODULES = YES;
				CLANG_ENABLE_OBJC_ARC = YES;
				CLANG_WARN_BOOL_CONVERSION = YES;
				CLANG_WARN_CONSTANT_CONVERSION = YES;
				CLANG_WARN_DIRECT_OBJC_ISA_USAGE = YES_ERROR;
				CLANG_WARN_EMPTY_BODY = YES;
				CLANG_WARN_ENUM_CONVERSION = YES;
				CLANG_WARN_INT_CONVERSION = YES;
				CLANG_WARN_OBJC_ROOT_CLASS = YES_ERROR;
				CLANG_WARN_UNREACHABLE_CODE = YES;
				CLANG_WARN__DUPLICATE_METHOD_MATCH = YES;
				"CODE_SIGN_IDENTITY[sdk=iphoneos*]" = "iPhone Developer";
				COPY_PHASE_STRIP = NO;
				DEBUG_INFORMATION_FORMAT = "dwarf-with-dsym";
				ENABLE_NS_ASSERTIONS = NO;
				ENABLE_STRICT_OBJC_MSGSEND = YES;
				GCC_C_LANGUAGE_STANDARD = gnu99;
				GCC_NO_COMMON_BLOCKS = YES;
				GCC_WARN_64_TO_32_BIT_CONVERSION = YES;
				GCC_WARN_ABOUT_RETURN_TYPE = YES_ERROR;
				GCC_WARN_UNDECLARED_SELECTOR = YES;
				GCC_WARN_UNINITIALIZED_AUTOS = YES_AGGRESSIVE;
				GCC_WARN_UNUSED_FUNCTION = YES;
				GCC_WARN_UNUSED_VARIABLE = YES;
				IPHONEOS_DEPLOYMENT_TARGET = 9.3;
				MTL_ENABLE_DEBUG_INFO = NO;
				SDKROOT = iphoneos;
				TARGETED_DEVICE_FAMILY = "1,2";
				VALIDATE_PRODUCT = YES;
			};
			name = Release;
		};
		9FCE491A1D9D71E000E4BC13 /* Debug */ = {
			isa = XCBuildConfiguration;
			buildSettings = {
				ASSETCATALOG_COMPILER_APPICON_NAME = AppIcon;
				GCC_PREFIX_HEADER = "$(SRCROOT)/FYYSP/Config/PrefixHeader.pch";
				INFOPLIST_FILE = FYYSP/Info.plist;
				LD_RUNPATH_SEARCH_PATHS = "$(inherited) @executable_path/Frameworks";
				PRODUCT_BUNDLE_IDENTIFIER = MYCFITEM.FYYSP;
				PRODUCT_NAME = "$(TARGET_NAME)";
			};
			name = Debug;
		};
		9FCE491B1D9D71E000E4BC13 /* Release */ = {
			isa = XCBuildConfiguration;
			buildSettings = {
				ASSETCATALOG_COMPILER_APPICON_NAME = AppIcon;
				GCC_PREFIX_HEADER = "$(SRCROOT)/FYYSP/Config/PrefixHeader.pch";
				INFOPLIST_FILE = FYYSP/Info.plist;
				LD_RUNPATH_SEARCH_PATHS = "$(inherited) @executable_path/Frameworks";
				PRODUCT_BUNDLE_IDENTIFIER = MYCFITEM.FYYSP;
				PRODUCT_NAME = "$(TARGET_NAME)";
			};
			name = Release;
		};
		9FCE491D1D9D71E000E4BC13 /* Debug */ = {
			isa = XCBuildConfiguration;
			buildSettings = {
				BUNDLE_LOADER = "$(TEST_HOST)";
				INFOPLIST_FILE = FYYSPTests/Info.plist;
				LD_RUNPATH_SEARCH_PATHS = "$(inherited) @executable_path/Frameworks @loader_path/Frameworks";
				PRODUCT_BUNDLE_IDENTIFIER = MYCFITEM.FYYSPTests;
				PRODUCT_NAME = "$(TARGET_NAME)";
				TEST_HOST = "$(BUILT_PRODUCTS_DIR)/FYYSP.app/FYYSP";
			};
			name = Debug;
		};
		9FCE491E1D9D71E000E4BC13 /* Release */ = {
			isa = XCBuildConfiguration;
			buildSettings = {
				BUNDLE_LOADER = "$(TEST_HOST)";
				INFOPLIST_FILE = FYYSPTests/Info.plist;
				LD_RUNPATH_SEARCH_PATHS = "$(inherited) @executable_path/Frameworks @loader_path/Frameworks";
				PRODUCT_BUNDLE_IDENTIFIER = MYCFITEM.FYYSPTests;
				PRODUCT_NAME = "$(TARGET_NAME)";
				TEST_HOST = "$(BUILT_PRODUCTS_DIR)/FYYSP.app/FYYSP";
			};
			name = Release;
		};
		9FCE49201D9D71E000E4BC13 /* Debug */ = {
			isa = XCBuildConfiguration;
			buildSettings = {
				INFOPLIST_FILE = FYYSPUITests/Info.plist;
				LD_RUNPATH_SEARCH_PATHS = "$(inherited) @executable_path/Frameworks @loader_path/Frameworks";
				PRODUCT_BUNDLE_IDENTIFIER = MYCFITEM.FYYSPUITests;
				PRODUCT_NAME = "$(TARGET_NAME)";
				TEST_TARGET_NAME = FYYSP;
			};
			name = Debug;
		};
		9FCE49211D9D71E000E4BC13 /* Release */ = {
			isa = XCBuildConfiguration;
			buildSettings = {
				INFOPLIST_FILE = FYYSPUITests/Info.plist;
				LD_RUNPATH_SEARCH_PATHS = "$(inherited) @executable_path/Frameworks @loader_path/Frameworks";
				PRODUCT_BUNDLE_IDENTIFIER = MYCFITEM.FYYSPUITests;
				PRODUCT_NAME = "$(TARGET_NAME)";
				TEST_TARGET_NAME = FYYSP;
			};
			name = Release;
		};
/* End XCBuildConfiguration section */

/* Begin XCConfigurationList section */
		9FCE48E41D9D71E000E4BC13 /* Build configuration list for PBXProject "FYYSP" */ = {
			isa = XCConfigurationList;
			buildConfigurations = (
				9FCE49171D9D71E000E4BC13 /* Debug */,
				9FCE49181D9D71E000E4BC13 /* Release */,
			);
			defaultConfigurationIsVisible = 0;
			defaultConfigurationName = Release;
		};
		9FCE49191D9D71E000E4BC13 /* Build configuration list for PBXNativeTarget "FYYSP" */ = {
			isa = XCConfigurationList;
			buildConfigurations = (
				9FCE491A1D9D71E000E4BC13 /* Debug */,
				9FCE491B1D9D71E000E4BC13 /* Release */,
			);
			defaultConfigurationIsVisible = 0;
			defaultConfigurationName = Release;
		};
		9FCE491C1D9D71E000E4BC13 /* Build configuration list for PBXNativeTarget "FYYSPTests" */ = {
			isa = XCConfigurationList;
			buildConfigurations = (
				9FCE491D1D9D71E000E4BC13 /* Debug */,
				9FCE491E1D9D71E000E4BC13 /* Release */,
			);
			defaultConfigurationIsVisible = 0;
			defaultConfigurationName = Release;
		};
		9FCE491F1D9D71E000E4BC13 /* Build configuration list for PBXNativeTarget "FYYSPUITests" */ = {
			isa = XCConfigurationList;
			buildConfigurations = (
				9FCE49201D9D71E000E4BC13 /* Debug */,
				9FCE49211D9D71E000E4BC13 /* Release */,
			);
			defaultConfigurationIsVisible = 0;
			defaultConfigurationName = Release;
		};
/* End XCConfigurationList section */

/* Begin XCVersionGroup section */
		9FCE48F81D9D71E000E4BC13 /* FYYSP.xcdatamodeld */ = {
			isa = XCVersionGroup;
			children = (
				9FCE48F91D9D71E000E4BC13 /* FYYSP.xcdatamodel */,
			);
			currentVersion = 9FCE48F91D9D71E000E4BC13 /* FYYSP.xcdatamodel */;
			path = FYYSP.xcdatamodeld;
			sourceTree = "<group>";
			versionGroupType = wrapper.xcdatamodel;
		};
/* End XCVersionGroup section */
	};
	rootObject = 9FCE48E11D9D71E000E4BC13 /* Project object */;
}
